
Microsoft Visual Studio Solution File, Format Version 12.00
# Visual Studio Version 16
VisualStudioVersion = 16.0.31205.134
MinimumVisualStudioVersion = 10.0.40219.1
Project("{FAE04EC0-301F-11D3-BF4B-00C04F79EFBC}") = "SingletonPattern", "SingletonPattern\SingletonPattern.csproj", "{BC654489-12E7-438B-8E96-9920B2D9B31F}"
EndProject
Global
	GlobalSection(SolutionConfigurationPlatforms) = preSolution
		Debug|Any CPU = Debug|Any CPU
		Release|Any CPU = Release|Any CPU
	EndGlobalSection
	GlobalSection(ProjectConfigurationPlatforms) = postSolution
		{BC654489-12E7-438B-8E96-9920B2D9B31F}.Debug|Any CPU.ActiveCfg = Debug|Any CPU
		{BC654489-12E7-438B-8E96-9920B2D9B31F}.Debug|Any CPU.Build.0 = Debug|Any CPU
		{BC654489-12E7-438B-8E96-9920B2D9B31F}.Release|Any CPU.ActiveCfg = Release|Any CPU
		{BC654489-12E7-438B-8E96-9920B2D9B31F}.Release|Any CPU.Build.0 = Release|Any CPU
	EndGlobalSection
	GlobalSection(SolutionProperties) = preSolution
		HideSolutionNode = FALSE
	EndGlobalSection
	GlobalSection(ExtensibilityGlobals) = postSolution
		SolutionGuid = {5F0B413C-B961-4714-8005-2DA50723C85D}
	EndGlobalSection
EndGlobal
