
Microsoft Visual Studio Solution File, Format Version 12.00
# Visual Studio Version 16
VisualStudioVersion = 16.0.31205.134
MinimumVisualStudioVersion = 10.0.40219.1
Project("{FAE04EC0-301F-11D3-BF4B-00C04F79EFBC}") = "AbstractFactoryPattern", "AbstractFactoryPattern\AbstractFactoryPattern.csproj", "{9786B9C3-7B0C-4FD7-A1E3-F5AAB374F8B3}"
EndProject
Global
	GlobalSection(SolutionConfigurationPlatforms) = preSolution
		Debug|Any CPU = Debug|Any CPU
		Release|Any CPU = Release|Any CPU
	EndGlobalSection
	GlobalSection(ProjectConfigurationPlatforms) = postSolution
		{9786B9C3-7B0C-4FD7-A1E3-F5AAB374F8B3}.Debug|Any CPU.ActiveCfg = Debug|Any CPU
		{9786B9C3-7B0C-4FD7-A1E3-F5AAB374F8B3}.Debug|Any CPU.Build.0 = Debug|Any CPU
		{9786B9C3-7B0C-4FD7-A1E3-F5AAB374F8B3}.Release|Any CPU.ActiveCfg = Release|Any CPU
		{9786B9C3-7B0C-4FD7-A1E3-F5AAB374F8B3}.Release|Any CPU.Build.0 = Release|Any CPU
	EndGlobalSection
	GlobalSection(SolutionProperties) = preSolution
		HideSolutionNode = FALSE
	EndGlobalSection
	GlobalSection(ExtensibilityGlobals) = postSolution
		SolutionGuid = {AB9E2CBD-F623-4A38-9CB1-5C5CCC8DFCE4}
	EndGlobalSection
EndGlobal
